
Microsoft Visual Studio Solution File, Format Version 12.00
# Visual Studio Version 17
VisualStudioVersion = 17.5.33627.172
MinimumVisualStudioVersion = 10.0.40219.1
Project("{9A19103F-16F7-4668-BE54-9A1E7A4F7556}") = "SDxDeveloper.Client", "SDxDeveloper.Client\SDxDeveloper.Client.csproj", "{A7A068D5-16C7-47B1-B53A-3C36E73E86BC}"
EndProject
Project("{9A19103F-16F7-4668-BE54-9A1E7A4F7556}") = "SDxDeveloper.Domain", "SDxDeveloper.Domain\SDxDeveloper.Domain.csproj", "{22BE9826-7663-4A4D-A278-D997BF194F03}"
EndProject
Project("{9A19103F-16F7-4668-BE54-9A1E7A4F7556}") = "SDxDeveloper.Services", "SDxDeveloper.Services\SDxDeveloper.Services.csproj", "{DF9C80E5-6A36-4ECC-BD8E-EF9D16BBD928}"
EndProject
Project("{FAE04EC0-301F-11D3-BF4B-00C04F79EFBC}") = "ModalControls", "ModalControls\ModalControls.csproj", "{3B85204A-32DF-4DEF-9441-1A7A689124FE}"
EndProject
Global
	GlobalSection(SolutionConfigurationPlatforms) = preSolution
		Debug|Any CPU = Debug|Any CPU
		Release|Any CPU = Release|Any CPU
	EndGlobalSection
	GlobalSection(ProjectConfigurationPlatforms) = postSolution
		{A7A068D5-16C7-47B1-B53A-3C36E73E86BC}.Debug|Any CPU.ActiveCfg = Debug|Any CPU
		{A7A068D5-16C7-47B1-B53A-3C36E73E86BC}.Debug|Any CPU.Build.0 = Debug|Any CPU
		{A7A068D5-16C7-47B1-B53A-3C36E73E86BC}.Release|Any CPU.ActiveCfg = Release|Any CPU
		{A7A068D5-16C7-47B1-B53A-3C36E73E86BC}.Release|Any CPU.Build.0 = Release|Any CPU
		{22BE9826-7663-4A4D-A278-D997BF194F03}.Debug|Any CPU.ActiveCfg = Debug|Any CPU
		{22BE9826-7663-4A4D-A278-D997BF194F03}.Debug|Any CPU.Build.0 = Debug|Any CPU
		{22BE9826-7663-4A4D-A278-D997BF194F03}.Release|Any CPU.ActiveCfg = Release|Any CPU
		{22BE9826-7663-4A4D-A278-D997BF194F03}.Release|Any CPU.Build.0 = Release|Any CPU
		{DF9C80E5-6A36-4ECC-BD8E-EF9D16BBD928}.Debug|Any CPU.ActiveCfg = Debug|Any CPU
		{DF9C80E5-6A36-4ECC-BD8E-EF9D16BBD928}.Debug|Any CPU.Build.0 = Debug|Any CPU
		{DF9C80E5-6A36-4ECC-BD8E-EF9D16BBD928}.Release|Any CPU.ActiveCfg = Release|Any CPU
		{DF9C80E5-6A36-4ECC-BD8E-EF9D16BBD928}.Release|Any CPU.Build.0 = Release|Any CPU
		{3B85204A-32DF-4DEF-9441-1A7A689124FE}.Debug|Any CPU.ActiveCfg = Debug|Any CPU
		{3B85204A-32DF-4DEF-9441-1A7A689124FE}.Debug|Any CPU.Build.0 = Debug|Any CPU
		{3B85204A-32DF-4DEF-9441-1A7A689124FE}.Release|Any CPU.ActiveCfg = Release|Any CPU
		{3B85204A-32DF-4DEF-9441-1A7A689124FE}.Release|Any CPU.Build.0 = Release|Any CPU
	EndGlobalSection
	GlobalSection(SolutionProperties) = preSolution
		HideSolutionNode = FALSE
	EndGlobalSection
	GlobalSection(ExtensibilityGlobals) = postSolution
		SolutionGuid = {4757A152-1B21-4D96-9425-91D972105A2D}
	EndGlobalSection
EndGlobal
